
Microsoft Visual Studio Solution File, Format Version 12.00
# Visual Studio Version 16
VisualStudioVersion = 16.0.30803.129
MinimumVisualStudioVersion = 10.0.40219.1
Project("{FAE04EC0-301F-11D3-BF4B-00C04F79EFBC}") = "ConsoleApp1", "ConsoleApp1.csproj", "{C36407BE-EF3F-488D-80DD-06660F2A49F7}"
EndProject
Global
	GlobalSection(SolutionConfigurationPlatforms) = preSolution
		Debug|Any CPU = Debug|Any CPU
		Release|Any CPU = Release|Any CPU
	EndGlobalSection
	GlobalSection(ProjectConfigurationPlatforms) = postSolution
		{C36407BE-EF3F-488D-80DD-06660F2A49F7}.Debug|Any CPU.ActiveCfg = Debug|Any CPU
		{C36407BE-EF3F-488D-80DD-06660F2A49F7}.Debug|Any CPU.Build.0 = Debug|Any CPU
		{C36407BE-EF3F-488D-80DD-06660F2A49F7}.Release|Any CPU.ActiveCfg = Release|Any CPU
		{C36407BE-EF3F-488D-80DD-06660F2A49F7}.Release|Any CPU.Build.0 = Release|Any CPU
	EndGlobalSection
	GlobalSection(SolutionProperties) = preSolution
		HideSolutionNode = FALSE
	EndGlobalSection
	GlobalSection(ExtensibilityGlobals) = postSolution
		SolutionGuid = {22917EAC-2099-4C29-AC85-0329B84F3100}
	EndGlobalSection
EndGlobal
